
Microsoft Visual Studio Solution File, Format Version 12.00
# Visual Studio Version 17
VisualStudioVersion = 17.14.36616.10 d17.14
MinimumVisualStudioVersion = 10.0.40219.1
Project("{FAE04EC0-301F-11D3-BF4B-00C04F79EFBC}") = "QuotesWidget", "QuotesWidget.csproj", "{D44DA018-15EB-45FB-9A6B-314646FA94D2}"
EndProject
Global
	GlobalSection(SolutionConfigurationPlatforms) = preSolution
		Debug|Any CPU = Debug|Any CPU
		Release|Any CPU = Release|Any CPU
	EndGlobalSection
	GlobalSection(ProjectConfigurationPlatforms) = postSolution
		{D44DA018-15EB-45FB-9A6B-314646FA94D2}.Debug|Any CPU.ActiveCfg = Debug|Any CPU
		{D44DA018-15EB-45FB-9A6B-314646FA94D2}.Debug|Any CPU.Build.0 = Debug|Any CPU
		{D44DA018-15EB-45FB-9A6B-314646FA94D2}.Release|Any CPU.ActiveCfg = Release|Any CPU
		{D44DA018-15EB-45FB-9A6B-314646FA94D2}.Release|Any CPU.Build.0 = Release|Any CPU
	EndGlobalSection
	GlobalSection(SolutionProperties) = preSolution
		HideSolutionNode = FALSE
	EndGlobalSection
	GlobalSection(ExtensibilityGlobals) = postSolution
		SolutionGuid = {7EACFC9A-62DC-455F-89E5-B9E9B4E24BE4}
	EndGlobalSection
EndGlobal
